PODS:
  - ALWCollectionViewLayout (0.1.0)
  - Expecta (1.0.6)
  - Expecta+Snapshots (3.1.1):
    - Expecta (~> 1.0)
    - FBSnapshotTestCase/Core (~> 2.0)
    - Specta (~> 1.0)
  - FBSnapshotTestCase (2.1.4):
    - FBSnapshotTestCase/SwiftSupport (= 2.1.4)
  - FBSnapshotTestCase/Core (2.1.4)
  - FBSnapshotTestCase/SwiftSupport (2.1.4):
    - FBSnapshotTestCase/Core
  - Specta (1.0.6)

DEPENDENCIES:
  - ALWCollectionViewLayout (from `../`)
  - Expecta
  - Expecta+Snapshots
  - FBSnapshotTestCase
  - Specta

EXTERNAL SOURCES:
  ALWCollectionViewLayout:
    :path: "../"

SPEC CHECKSUMS:
  ALWCollectionViewLayout: 9aa9cf99f50c64212032e91d3cc20bb54c0fa870
  Expecta: 3b6bd90a64b9a1dcb0b70aa0e10a7f8f631667d5
  Expecta+Snapshots: dcff217eef506dabd6dfdc7864ea2da321fafbb8
  FBSnapshotTestCase: '094f9f314decbabe373b87cc339bea235a63e07a'
  Specta: f506f3a8361de16bc0dcf3b17b75e269072ba465

PODFILE CHECKSUM: b8436b6329e96ade19e39356f4e5d821811696af

COCOAPODS: 1.2.1
